
Microsoft Visual Studio Solution File, Format Version 12.00
# Visual Studio 2013
VisualStudioVersion = 12.0.21005.1
MinimumVisualStudioVersion = 10.0.40219.1
Project("{FAE04EC0-301F-11D3-BF4B-00C04F79EFBC}") = "CommandFramework", "CommandFramework\CommandFramework.csproj", "{BEA54CC2-8465-416B-B934-ACA399E387FD}"
EndProject
Project("{2150E333-8FDC-42A3-9474-1A3956D46DE8}") = "Examples", "Examples", "{17701478-970A-4745-9FEE-E05FEBCB1B52}"
EndProject
Project("{FAE04EC0-301F-11D3-BF4B-00C04F79EFBC}") = "CommandFramework.Tests", "CommandFramework.Tests\CommandFramework.Tests.csproj", "{9CBA2E43-AE1D-43B4-924B-F70B04EA4F9B}"
EndProject
Project("{FAE04EC0-301F-11D3-BF4B-00C04F79EFBC}") = "ToDoApp", "Examples\ToDoApp\ToDoApp.csproj", "{F3A15FA6-EC53-4715-A86C-896E9BA5E08A}"
EndProject
Global
	GlobalSection(SolutionConfigurationPlatforms) = preSolution
		Debug|Any CPU = Debug|Any CPU
		Release|Any CPU = Release|Any CPU
	EndGlobalSection
	GlobalSection(ProjectConfigurationPlatforms) = postSolution
		{BEA54CC2-8465-416B-B934-ACA399E387FD}.Debug|Any CPU.ActiveCfg = Debug|Any CPU
		{BEA54CC2-8465-416B-B934-ACA399E387FD}.Debug|Any CPU.Build.0 = Debug|Any CPU
		{BEA54CC2-8465-416B-B934-ACA399E387FD}.Release|Any CPU.ActiveCfg = Release|Any CPU
		{BEA54CC2-8465-416B-B934-ACA399E387FD}.Release|Any CPU.Build.0 = Release|Any CPU
		{9CBA2E43-AE1D-43B4-924B-F70B04EA4F9B}.Debug|Any CPU.ActiveCfg = Debug|Any CPU
		{9CBA2E43-AE1D-43B4-924B-F70B04EA4F9B}.Debug|Any CPU.Build.0 = Debug|Any CPU
		{9CBA2E43-AE1D-43B4-924B-F70B04EA4F9B}.Release|Any CPU.ActiveCfg = Release|Any CPU
		{9CBA2E43-AE1D-43B4-924B-F70B04EA4F9B}.Release|Any CPU.Build.0 = Release|Any CPU
		{F3A15FA6-EC53-4715-A86C-896E9BA5E08A}.Debug|Any CPU.ActiveCfg = Debug|Any CPU
		{F3A15FA6-EC53-4715-A86C-896E9BA5E08A}.Debug|Any CPU.Build.0 = Debug|Any CPU
		{F3A15FA6-EC53-4715-A86C-896E9BA5E08A}.Release|Any CPU.ActiveCfg = Release|Any CPU
		{F3A15FA6-EC53-4715-A86C-896E9BA5E08A}.Release|Any CPU.Build.0 = Release|Any CPU
	EndGlobalSection
	GlobalSection(SolutionProperties) = preSolution
		HideSolutionNode = FALSE
	EndGlobalSection
	GlobalSection(NestedProjects) = preSolution
		{F3A15FA6-EC53-4715-A86C-896E9BA5E08A} = {17701478-970A-4745-9FEE-E05FEBCB1B52}
	EndGlobalSection
EndGlobal
